// !$*UTF8*$!
{
	archiveVersion = 1;
	classes = {
	};
	objectVersion = 56;
	objects = {

/* Begin PBXBuildFile section */
		AE227E662AB0651B00C92D26 /* MovieFilmFeature.swift in Sources */ = {isa = PBXBuildFile; fileRef = AE227E652AB0651B00C92D26 /* MovieFilmFeature.swift */; };
		AE280EAC2ABA8D0000BA2196 /* BackImages.swift in Sources */ = {isa = PBXBuildFile; fileRef = AE280EAB2ABA8D0000BA2196 /* BackImages.swift */; };
		AE2FD14C2AB97864001BC0C0 /* ImagePicker.swift in Sources */ = {isa = PBXBuildFile; fileRef = AE2FD14B2AB97864001BC0C0 /* ImagePicker.swift */; };
		AE43EB742AAF06FE004AE02A /* FilmView.swift in Sources */ = {isa = PBXBuildFile; fileRef = AE43EB732AAF06FE004AE02A /* FilmView.swift */; };
		AE5EC4272AB7FBF600CF166F /* AdaptsToKeyboard.swift in Sources */ = {isa = PBXBuildFile; fileRef = AE5EC4262AB7FBF600CF166F /* AdaptsToKeyboard.swift */; };
		AE5EC4292AB8362700CF166F /* KeyboardReadable.swift in Sources */ = {isa = PBXBuildFile; fileRef = AE5EC4282AB8362700CF166F /* KeyboardReadable.swift */; };
		AE759ED52AB1F9A80090C60B /* Josun.ttf in Resources */ = {isa = PBXBuildFile; fileRef = AE759ED42AB1F9A80090C60B /* Josun.ttf */; };
		AE759ED72AB1FA070090C60B /* Hakgo.ttf in Resources */ = {isa = PBXBuildFile; fileRef = AE759ED62AB1FA070090C60B /* Hakgo.ttf */; };
		AEA6B21A2AB310EB00C96E0F /* NanumGothic.ttf in Resources */ = {isa = PBXBuildFile; fileRef = AEA6B2192AB310EB00C96E0F /* NanumGothic.ttf */; };
		AEA6B21C2AB311DA00C96E0F /* FilterList.swift in Sources */ = {isa = PBXBuildFile; fileRef = AEA6B21B2AB311DA00C96E0F /* FilterList.swift */; };
		AEB333A72AB5E6E30058D334 /* FilmViewFeature.swift in Sources */ = {isa = PBXBuildFile; fileRef = AEB333A62AB5E6E30058D334 /* FilmViewFeature.swift */; };
		AEB333A92AB5E71A0058D334 /* MainView.swift in Sources */ = {isa = PBXBuildFile; fileRef = AEB333A82AB5E71A0058D334 /* MainView.swift */; };
		AEB333AB2AB5E8520058D334 /* MainViewFeature.swift in Sources */ = {isa = PBXBuildFile; fileRef = AEB333AA2AB5E8520058D334 /* MainViewFeature.swift */; };
		AEB333AD2AB607FD0058D334 /* MovieFilmView.swift in Sources */ = {isa = PBXBuildFile; fileRef = AEB333AC2AB607FD0058D334 /* MovieFilmView.swift */; };
		AEB333AF2AB608830058D334 /* EditFilmView.swift in Sources */ = {isa = PBXBuildFile; fileRef = AEB333AE2AB608830058D334 /* EditFilmView.swift */; };
		AEB333B12AB72DB20058D334 /* EditFilmFeature.swift in Sources */ = {isa = PBXBuildFile; fileRef = AEB333B02AB72DB20058D334 /* EditFilmFeature.swift */; };
		AEBA39482AAF017E00658F1A /* C_PurpleFilmApp.swift in Sources */ = {isa = PBXBuildFile; fileRef = AEBA39472AAF017E00658F1A /* C_PurpleFilmApp.swift */; };
		AEBA394C2AAF017F00658F1A /* Assets.xcassets in Resources */ = {isa = PBXBuildFile; fileRef = AEBA394B2AAF017F00658F1A /* Assets.xcassets */; };
		AEBA394F2AAF017F00658F1A /* Preview Assets.xcassets in Resources */ = {isa = PBXBuildFile; fileRef = AEBA394E2AAF017F00658F1A /* Preview Assets.xcassets */; };
		AEBA39572AAF02D200658F1A /* ComposableArchitecture in Frameworks */ = {isa = PBXBuildFile; productRef = AEBA39562AAF02D200658F1A /* ComposableArchitecture */; };
		AEDF00AC2ABAEEB6009C65C3 /* Color.swift in Sources */ = {isa = PBXBuildFile; fileRef = AEDF00AB2ABAEEB6009C65C3 /* Color.swift */; };
		AEDF00B02ABB3E62009C65C3 /* RoundedCorner.swift in Sources */ = {isa = PBXBuildFile; fileRef = AEDF00AF2ABB3E62009C65C3 /* RoundedCorner.swift */; };
		AEDF00B32ABB44DD009C65C3 /* CenterOriginSlider in Frameworks */ = {isa = PBXBuildFile; productRef = AEDF00B22ABB44DD009C65C3 /* CenterOriginSlider */; };
		AEDF00B52ABB4EAD009C65C3 /* ShapedViews.swift in Sources */ = {isa = PBXBuildFile; fileRef = AEDF00B42ABB4EAD009C65C3 /* ShapedViews.swift */; };
		AEDF00B72ABB57D6009C65C3 /* UIScreen.swift in Sources */ = {isa = PBXBuildFile; fileRef = AEDF00B62ABB57D6009C65C3 /* UIScreen.swift */; };
/* End PBXBuildFile section */

/* Begin PBXFileReference section */
		AE227E652AB0651B00C92D26 /* MovieFilmFeature.swift */ = {isa = PBXFileReference; lastKnownFileType = sourcecode.swift; path = MovieFilmFeature.swift; sourceTree = "<group>"; };
		AE280EAB2ABA8D0000BA2196 /* BackImages.swift */ = {isa = PBXFileReference; lastKnownFileType = sourcecode.swift; path = BackImages.swift; sourceTree = "<group>"; };
		AE2FD14B2AB97864001BC0C0 /* ImagePicker.swift */ = {isa = PBXFileReference; lastKnownFileType = sourcecode.swift; path = ImagePicker.swift; sourceTree = "<group>"; };
		AE43EB732AAF06FE004AE02A /* FilmView.swift */ = {isa = PBXFileReference; lastKnownFileType = sourcecode.swift; path = FilmView.swift; sourceTree = "<group>"; };
		AE5EC4262AB7FBF600CF166F /* AdaptsToKeyboard.swift */ = {isa = PBXFileReference; lastKnownFileType = sourcecode.swift; path = AdaptsToKeyboard.swift; sourceTree = "<group>"; };
		AE5EC4282AB8362700CF166F /* KeyboardReadable.swift */ = {isa = PBXFileReference; lastKnownFileType = sourcecode.swift; path = KeyboardReadable.swift; sourceTree = "<group>"; };
		AE7240762AB1687B0077D83E /* C-PurpleFilm-Info.plist */ = {isa = PBXFileReference; lastKnownFileType = text.plist; path = "C-PurpleFilm-Info.plist"; sourceTree = SOURCE_ROOT; };
		AE759ED42AB1F9A80090C60B /* Josun.ttf */ = {isa = PBXFileReference; lastKnownFileType = file; path = Josun.ttf; sourceTree = "<group>"; };
		AE759ED62AB1FA070090C60B /* Hakgo.ttf */ = {isa = PBXFileReference; lastKnownFileType = file; path = Hakgo.ttf; sourceTree = "<group>"; };
		AEA6B2192AB310EB00C96E0F /* NanumGothic.ttf */ = {isa = PBXFileReference; lastKnownFileType = file; path = NanumGothic.ttf; sourceTree = "<group>"; };
		AEA6B21B2AB311DA00C96E0F /* FilterList.swift */ = {isa = PBXFileReference; lastKnownFileType = sourcecode.swift; path = FilterList.swift; sourceTree = "<group>"; };
		AEB333A62AB5E6E30058D334 /* FilmViewFeature.swift */ = {isa = PBXFileReference; lastKnownFileType = sourcecode.swift; path = FilmViewFeature.swift; sourceTree = "<group>"; };
		AEB333A82AB5E71A0058D334 /* MainView.swift */ = {isa = PBXFileReference; lastKnownFileType = sourcecode.swift; path = MainView.swift; sourceTree = "<group>"; };
		AEB333AA2AB5E8520058D334 /* MainViewFeature.swift */ = {isa = PBXFileReference; lastKnownFileType = sourcecode.swift; path = MainViewFeature.swift; sourceTree = "<group>"; };
		AEB333AC2AB607FD0058D334 /* MovieFilmView.swift */ = {isa = PBXFileReference; lastKnownFileType = sourcecode.swift; path = MovieFilmView.swift; sourceTree = "<group>"; };
		AEB333AE2AB608830058D334 /* EditFilmView.swift */ = {isa = PBXFileReference; lastKnownFileType = sourcecode.swift; path = EditFilmView.swift; sourceTree = "<group>"; };
		AEB333B02AB72DB20058D334 /* EditFilmFeature.swift */ = {isa = PBXFileReference; lastKnownFileType = sourcecode.swift; path = EditFilmFeature.swift; sourceTree = "<group>"; };
		AEBA39442AAF017E00658F1A /* C_PurpleFilm.app */ = {isa = PBXFileReference; explicitFileType = wrapper.application; includeInIndex = 0; path = C_PurpleFilm.app; sourceTree = BUILT_PRODUCTS_DIR; };
		AEBA39472AAF017E00658F1A /* C_PurpleFilmApp.swift */ = {isa = PBXFileReference; lastKnownFileType = sourcecode.swift; path = C_PurpleFilmApp.swift; sourceTree = "<group>"; };
		AEBA394B2AAF017F00658F1A /* Assets.xcassets */ = {isa = PBXFileReference; lastKnownFileType = folder.assetcatalog; path = Assets.xcassets; sourceTree = "<group>"; };
		AEBA394E2AAF017F00658F1A /* Preview Assets.xcassets */ = {isa = PBXFileReference; lastKnownFileType = folder.assetcatalog; path = "Preview Assets.xcassets"; sourceTree = "<group>"; };
		AEDF00AB2ABAEEB6009C65C3 /* Color.swift */ = {isa = PBXFileReference; lastKnownFileType = sourcecode.swift; path = Color.swift; sourceTree = "<group>"; };
		AEDF00AF2ABB3E62009C65C3 /* RoundedCorner.swift */ = {isa = PBXFileReference; lastKnownFileType = sourcecode.swift; path = RoundedCorner.swift; sourceTree = "<group>"; };
		AEDF00B42ABB4EAD009C65C3 /* ShapedViews.swift */ = {isa = PBXFileReference; lastKnownFileType = sourcecode.swift; path = ShapedViews.swift; sourceTree = "<group>"; };
		AEDF00B62ABB57D6009C65C3 /* UIScreen.swift */ = {isa = PBXFileReference; lastKnownFileType = sourcecode.swift; path = UIScreen.swift; sourceTree = "<group>"; };
/* End PBXFileReference section */

/* Begin PBXFrameworksBuildPhase section */
		AEBA39412AAF017E00658F1A /* Frameworks */ = {
			isa = PBXFrameworksBuildPhase;
			buildActionMask = 2147483647;
			files = (
				AEDF00B32ABB44DD009C65C3 /* CenterOriginSlider in Frameworks */,
				AEBA39572AAF02D200658F1A /* ComposableArchitecture in Frameworks */,
			);
			runOnlyForDeploymentPostprocessing = 0;
		};
/* End PBXFrameworksBuildPhase section */

/* Begin PBXGroup section */
		AE5EC4252AB7FBEA00CF166F /* Extensions */ = {
			isa = PBXGroup;
			children = (
				AE5EC4262AB7FBF600CF166F /* AdaptsToKeyboard.swift */,
				AE5EC4282AB8362700CF166F /* KeyboardReadable.swift */,
				AE2FD14B2AB97864001BC0C0 /* ImagePicker.swift */,
				AEDF00AB2ABAEEB6009C65C3 /* Color.swift */,
				AEDF00AF2ABB3E62009C65C3 /* RoundedCorner.swift */,
				AEDF00B42ABB4EAD009C65C3 /* ShapedViews.swift */,
				AEDF00B62ABB57D6009C65C3 /* UIScreen.swift */,
			);
			path = Extensions;
			sourceTree = "<group>";
		};
		AE7240732AB1682C0077D83E /* Fonts */ = {
			isa = PBXGroup;
			children = (
				AE759ED62AB1FA070090C60B /* Hakgo.ttf */,
				AE759ED42AB1F9A80090C60B /* Josun.ttf */,
				AEA6B2192AB310EB00C96E0F /* NanumGothic.ttf */,
			);
			path = Fonts;
			sourceTree = "<group>";
		};
		AEBA393B2AAF017E00658F1A = {
			isa = PBXGroup;
			children = (
				AEBA39462AAF017E00658F1A /* C_PurpleFilm */,
				AEBA39452AAF017E00658F1A /* Products */,
			);
			sourceTree = "<group>";
		};
		AEBA39452AAF017E00658F1A /* Products */ = {
			isa = PBXGroup;
			children = (
				AEBA39442AAF017E00658F1A /* C_PurpleFilm.app */,
			);
			name = Products;
			sourceTree = "<group>";
		};
		AEBA39462AAF017E00658F1A /* C_PurpleFilm */ = {
			isa = PBXGroup;
			children = (
				AE5EC4252AB7FBEA00CF166F /* Extensions */,
				AE7240762AB1687B0077D83E /* C-PurpleFilm-Info.plist */,
				AE7240732AB1682C0077D83E /* Fonts */,
				AEBA394B2AAF017F00658F1A /* Assets.xcassets */,
				AEBA39472AAF017E00658F1A /* C_PurpleFilmApp.swift */,
				AE43EB732AAF06FE004AE02A /* FilmView.swift */,
				AEB333A62AB5E6E30058D334 /* FilmViewFeature.swift */,
				AEB333A82AB5E71A0058D334 /* MainView.swift */,
				AEB333AA2AB5E8520058D334 /* MainViewFeature.swift */,
				AEB333AC2AB607FD0058D334 /* MovieFilmView.swift */,
				AE227E652AB0651B00C92D26 /* MovieFilmFeature.swift */,
				AEA6B21B2AB311DA00C96E0F /* FilterList.swift */,
				AEB333AE2AB608830058D334 /* EditFilmView.swift */,
				AEB333B02AB72DB20058D334 /* EditFilmFeature.swift */,
				AEBA394D2AAF017F00658F1A /* Preview Content */,
				AE280EAB2ABA8D0000BA2196 /* BackImages.swift */,
			);
			path = C_PurpleFilm;
			sourceTree = "<group>";
		};
		AEBA394D2AAF017F00658F1A /* Preview Content */ = {
			isa = PBXGroup;
			children = (
				AEBA394E2AAF017F00658F1A /* Preview Assets.xcassets */,
			);
			path = "Preview Content";
			sourceTree = "<group>";
		};
/* End PBXGroup section */

/* Begin PBXNativeTarget section */
		AEBA39432AAF017E00658F1A /* C_PurpleFilm */ = {
			isa = PBXNativeTarget;
			buildConfigurationList = AEBA39522AAF017F00658F1A /* Build configuration list for PBXNativeTarget "C_PurpleFilm" */;
			buildPhases = (
				AEBA39402AAF017E00658F1A /* Sources */,
				AEBA39412AAF017E00658F1A /* Frameworks */,
				AEBA39422AAF017E00658F1A /* Resources */,
			);
			buildRules = (
			);
			dependencies = (
			);
			name = C_PurpleFilm;
			packageProductDependencies = (
				AEBA39562AAF02D200658F1A /* ComposableArchitecture */,
				AEDF00B22ABB44DD009C65C3 /* CenterOriginSlider */,
			);
			productName = C_PurpleFilm;
			productReference = AEBA39442AAF017E00658F1A /* C_PurpleFilm.app */;
			productType = "com.apple.product-type.application";
		};
/* End PBXNativeTarget section */

/* Begin PBXProject section */
		AEBA393C2AAF017E00658F1A /* Project object */ = {
			isa = PBXProject;
			attributes = {
				BuildIndependentTargetsInParallel = 1;
				LastSwiftUpdateCheck = 1430;
				LastUpgradeCheck = 1430;
				TargetAttributes = {
					AEBA39432AAF017E00658F1A = {
						CreatedOnToolsVersion = 14.3.1;
					};
				};
			};
			buildConfigurationList = AEBA393F2AAF017E00658F1A /* Build configuration list for PBXProject "C_PurpleFilm" */;
			compatibilityVersion = "Xcode 14.0";
			developmentRegion = en;
			hasScannedForEncodings = 0;
			knownRegions = (
				en,
				Base,
			);
			mainGroup = AEBA393B2AAF017E00658F1A;
			packageReferences = (
				AEBA39552AAF02D200658F1A /* XCRemoteSwiftPackageReference "swift-composable-architecture" */,
				AEDF00B12ABB44DD009C65C3 /* XCRemoteSwiftPackageReference "CenterOriginSlider" */,
			);
			productRefGroup = AEBA39452AAF017E00658F1A /* Products */;
			projectDirPath = "";
			projectRoot = "";
			targets = (
				AEBA39432AAF017E00658F1A /* C_PurpleFilm */,
			);
		};
/* End PBXProject section */

/* Begin PBXResourcesBuildPhase section */
		AEBA39422AAF017E00658F1A /* Resources */ = {
			isa = PBXResourcesBuildPhase;
			buildActionMask = 2147483647;
			files = (
				AEBA394F2AAF017F00658F1A /* Preview Assets.xcassets in Resources */,
				AE759ED52AB1F9A80090C60B /* Josun.ttf in Resources */,
				AE759ED72AB1FA070090C60B /* Hakgo.ttf in Resources */,
				AEBA394C2AAF017F00658F1A /* Assets.xcassets in Resources */,
				AEA6B21A2AB310EB00C96E0F /* NanumGothic.ttf in Resources */,
			);
			runOnlyForDeploymentPostprocessing = 0;
		};
/* End PBXResourcesBuildPhase section */

/* Begin PBXSourcesBuildPhase section */
		AEBA39402AAF017E00658F1A /* Sources */ = {
			isa = PBXSourcesBuildPhase;
			buildActionMask = 2147483647;
			files = (
				AE2FD14C2AB97864001BC0C0 /* ImagePicker.swift in Sources */,
				AEB333B12AB72DB20058D334 /* EditFilmFeature.swift in Sources */,
				AEB333AF2AB608830058D334 /* EditFilmView.swift in Sources */,
				AE5EC4292AB8362700CF166F /* KeyboardReadable.swift in Sources */,
				AE43EB742AAF06FE004AE02A /* FilmView.swift in Sources */,
				AEB333AD2AB607FD0058D334 /* MovieFilmView.swift in Sources */,
				AEB333A72AB5E6E30058D334 /* FilmViewFeature.swift in Sources */,
				AEA6B21C2AB311DA00C96E0F /* FilterList.swift in Sources */,
				AEDF00AC2ABAEEB6009C65C3 /* Color.swift in Sources */,
				AEB333AB2AB5E8520058D334 /* MainViewFeature.swift in Sources */,
				AEBA39482AAF017E00658F1A /* C_PurpleFilmApp.swift in Sources */,
				AE280EAC2ABA8D0000BA2196 /* BackImages.swift in Sources */,
				AE5EC4272AB7FBF600CF166F /* AdaptsToKeyboard.swift in Sources */,
				AEDF00B72ABB57D6009C65C3 /* UIScreen.swift in Sources */,
				AEB333A92AB5E71A0058D334 /* MainView.swift in Sources */,
				AEDF00B02ABB3E62009C65C3 /* RoundedCorner.swift in Sources */,
				AE227E662AB0651B00C92D26 /* MovieFilmFeature.swift in Sources */,
				AEDF00B52ABB4EAD009C65C3 /* ShapedViews.swift in Sources */,
			);
			runOnlyForDeploymentPostprocessing = 0;
		};
/* End PBXSourcesBuildPhase section */

/* Begin XCBuildConfiguration section */
		AEBA39502AAF017F00658F1A /* Debug */ = {
			isa = XCBuildConfiguration;
			buildSettings = {
				ALWAYS_SEARCH_USER_PATHS = NO;
				CLANG_ANALYZER_NONNULL = YES;
				CLANG_ANALYZER_NUMBER_OBJECT_CONVERSION = YES_AGGRESSIVE;
				CLANG_CXX_LANGUAGE_STANDARD = "gnu++20";
				CLANG_ENABLE_MODULES = YES;
				CLANG_ENABLE_OBJC_ARC = YES;
				CLANG_ENABLE_OBJC_WEAK = YES;
				CLANG_WARN_BLOCK_CAPTURE_AUTORELEASING = YES;
				CLANG_WARN_BOOL_CONVERSION = YES;
				CLANG_WARN_COMMA = YES;
				CLANG_WARN_CONSTANT_CONVERSION = YES;
				CLANG_WARN_DEPRECATED_OBJC_IMPLEMENTATIONS = YES;
				CLANG_WARN_DIRECT_OBJC_ISA_USAGE = YES_ERROR;
				CLANG_WARN_DOCUMENTATION_COMMENTS = YES;
				CLANG_WARN_EMPTY_BODY = YES;
				CLANG_WARN_ENUM_CONVERSION = YES;
				CLANG_WARN_INFINITE_RECURSION = YES;
				CLANG_WARN_INT_CONVERSION = YES;
				CLANG_WARN_NON_LITERAL_NULL_CONVERSION = YES;
				CLANG_WARN_OBJC_IMPLICIT_RETAIN_SELF = YES;
				CLANG_WARN_OBJC_LITERAL_CONVERSION = YES;
				CLANG_WARN_OBJC_ROOT_CLASS = YES_ERROR;
				CLANG_WARN_QUOTED_INCLUDE_IN_FRAMEWORK_HEADER = YES;
				CLANG_WARN_RANGE_LOOP_ANALYSIS = YES;
				CLANG_WARN_STRICT_PROTOTYPES = YES;
				CLANG_WARN_SUSPICIOUS_MOVE = YES;
				CLANG_WARN_UNGUARDED_AVAILABILITY = YES_AGGRESSIVE;
				CLANG_WARN_UNREACHABLE_CODE = YES;
				CLANG_WARN__DUPLICATE_METHOD_MATCH = YES;
				COPY_PHASE_STRIP = NO;
				DEBUG_INFORMATION_FORMAT = dwarf;
				ENABLE_STRICT_OBJC_MSGSEND = YES;
				ENABLE_TESTABILITY = YES;
				GCC_C_LANGUAGE_STANDARD = gnu11;
				GCC_DYNAMIC_NO_PIC = NO;
				GCC_NO_COMMON_BLOCKS = YES;
				GCC_OPTIMIZATION_LEVEL = 0;
				GCC_PREPROCESSOR_DEFINITIONS = (
					"DEBUG=1",
					"$(inherited)",
				);
				GCC_WARN_64_TO_32_BIT_CONVERSION = YES;
				GCC_WARN_ABOUT_RETURN_TYPE = YES_ERROR;
				GCC_WARN_UNDECLARED_SELECTOR = YES;
				GCC_WARN_UNINITIALIZED_AUTOS = YES_AGGRESSIVE;
				GCC_WARN_UNUSED_FUNCTION = YES;
				GCC_WARN_UNUSED_VARIABLE = YES;
				IPHONEOS_DEPLOYMENT_TARGET = 16.4;
				MTL_ENABLE_DEBUG_INFO = INCLUDE_SOURCE;
				MTL_FAST_MATH = YES;
				ONLY_ACTIVE_ARCH = YES;
				SDKROOT = iphoneos;
				SWIFT_ACTIVE_COMPILATION_CONDITIONS = DEBUG;
				SWIFT_OPTIMIZATION_LEVEL = "-Onone";
			};
			name = Debug;
		};
		AEBA39512AAF017F00658F1A /* Release */ = {
			isa = XCBuildConfiguration;
			buildSettings = {
				ALWAYS_SEARCH_USER_PATHS = NO;
				CLANG_ANALYZER_NONNULL = YES;
				CLANG_ANALYZER_NUMBER_OBJECT_CONVERSION = YES_AGGRESSIVE;
				CLANG_CXX_LANGUAGE_STANDARD = "gnu++20";
				CLANG_ENABLE_MODULES = YES;
				CLANG_ENABLE_OBJC_ARC = YES;
				CLANG_ENABLE_OBJC_WEAK = YES;
				CLANG_WARN_BLOCK_CAPTURE_AUTORELEASING = YES;
				CLANG_WARN_BOOL_CONVERSION = YES;
				CLANG_WARN_COMMA = YES;
				CLANG_WARN_CONSTANT_CONVERSION = YES;
				CLANG_WARN_DEPRECATED_OBJC_IMPLEMENTATIONS = YES;
				CLANG_WARN_DIRECT_OBJC_ISA_USAGE = YES_ERROR;
				CLANG_WARN_DOCUMENTATION_COMMENTS = YES;
				CLANG_WARN_EMPTY_BODY = YES;
				CLANG_WARN_ENUM_CONVERSION = YES;
				CLANG_WARN_INFINITE_RECURSION = YES;
				CLANG_WARN_INT_CONVERSION = YES;
				CLANG_WARN_NON_LITERAL_NULL_CONVERSION = YES;
				CLANG_WARN_OBJC_IMPLICIT_RETAIN_SELF = YES;
				CLANG_WARN_OBJC_LITERAL_CONVERSION = YES;
				CLANG_WARN_OBJC_ROOT_CLASS = YES_ERROR;
				CLANG_WARN_QUOTED_INCLUDE_IN_FRAMEWORK_HEADER = YES;
				CLANG_WARN_RANGE_LOOP_ANALYSIS = YES;
				CLANG_WARN_STRICT_PROTOTYPES = YES;
				CLANG_WARN_SUSPICIOUS_MOVE = YES;
				CLANG_WARN_UNGUARDED_AVAILABILITY = YES_AGGRESSIVE;
				CLANG_WARN_UNREACHABLE_CODE = YES;
				CLANG_WARN__DUPLICATE_METHOD_MATCH = YES;
				COPY_PHASE_STRIP = NO;
				DEBUG_INFORMATION_FORMAT = "dwarf-with-dsym";
				ENABLE_NS_ASSERTIONS = NO;
				ENABLE_STRICT_OBJC_MSGSEND = YES;
				GCC_C_LANGUAGE_STANDARD = gnu11;
				GCC_NO_COMMON_BLOCKS = YES;
				GCC_WARN_64_TO_32_BIT_CONVERSION = YES;
				GCC_WARN_ABOUT_RETURN_TYPE = YES_ERROR;
				GCC_WARN_UNDECLARED_SELECTOR = YES;
				GCC_WARN_UNINITIALIZED_AUTOS = YES_AGGRESSIVE;
				GCC_WARN_UNUSED_FUNCTION = YES;
				GCC_WARN_UNUSED_VARIABLE = YES;
				IPHONEOS_DEPLOYMENT_TARGET = 16.4;
				MTL_ENABLE_DEBUG_INFO = NO;
				MTL_FAST_MATH = YES;
				SDKROOT = iphoneos;
				SWIFT_COMPILATION_MODE = wholemodule;
				SWIFT_OPTIMIZATION_LEVEL = "-O";
				VALIDATE_PRODUCT = YES;
			};
			name = Release;
		};
		AEBA39532AAF017F00658F1A /* Debug */ = {
			isa = XCBuildConfiguration;
			buildSettings = {
				ASSETCATALOG_COMPILER_APPICON_NAME = AppIcon;
				ASSETCATALOG_COMPILER_GLOBAL_ACCENT_COLOR_NAME = AccentColor;
				CODE_SIGN_STYLE = Automatic;
				CURRENT_PROJECT_VERSION = 1;
				DEVELOPMENT_ASSET_PATHS = "\"C_PurpleFilm/Preview Content\"";
				DEVELOPMENT_TEAM = SL6KBD5WZW;
				ENABLE_PREVIEWS = YES;
				GENERATE_INFOPLIST_FILE = YES;
				INFOPLIST_FILE = "C-PurpleFilm-Info.plist";
				INFOPLIST_KEY_NSCameraUsageDescription = "사진 촬영을 위해 카메라에 접근합니다.";
				INFOPLIST_KEY_NSPhotoLibraryAddUsageDescription = "이미지 저장을 위해 갤러리에 접근합니다.";
				INFOPLIST_KEY_UIApplicationSceneManifest_Generation = YES;
				INFOPLIST_KEY_UIApplicationSupportsIndirectInputEvents = YES;
				INFOPLIST_KEY_UILaunchScreen_Generation = YES;
				INFOPLIST_KEY_UISupportedInterfaceOrientations_iPad = "UIInterfaceOrientationPortrait UIInterfaceOrientationPortraitUpsideDown UIInterfaceOrientationLandscapeLeft UIInterfaceOrientationLandscapeRight";
				INFOPLIST_KEY_UISupportedInterfaceOrientations_iPhone = "UIInterfaceOrientationPortrait UIInterfaceOrientationLandscapeLeft UIInterfaceOrientationLandscapeRight";
				LD_RUNPATH_SEARCH_PATHS = (
					"$(inherited)",
					"@executable_path/Frameworks",
				);
				MARKETING_VERSION = 1.0;
				PRODUCT_BUNDLE_IDENTIFIER = com.yun.seeFilm.PurpleFilm;
				PRODUCT_NAME = "$(TARGET_NAME)";
				SWIFT_EMIT_LOC_STRINGS = YES;
				SWIFT_VERSION = 5.0;
				TARGETED_DEVICE_FAMILY = "1,2";
			};
			name = Debug;
		};
		AEBA39542AAF017F00658F1A /* Release */ = {
			isa = XCBuildConfiguration;
			buildSettings = {
				ASSETCATALOG_COMPILER_APPICON_NAME = AppIcon;
				ASSETCATALOG_COMPILER_GLOBAL_ACCENT_COLOR_NAME = AccentColor;
				CODE_SIGN_STYLE = Automatic;
				CURRENT_PROJECT_VERSION = 1;
				DEVELOPMENT_ASSET_PATHS = "\"C_PurpleFilm/Preview Content\"";
				DEVELOPMENT_TEAM = SL6KBD5WZW;
				ENABLE_PREVIEWS = YES;
				GENERATE_INFOPLIST_FILE = YES;
				INFOPLIST_FILE = "C-PurpleFilm-Info.plist";
				INFOPLIST_KEY_NSCameraUsageDescription = "사진 촬영을 위해 카메라에 접근합니다.";
				INFOPLIST_KEY_NSPhotoLibraryAddUsageDescription = "이미지 저장을 위해 갤러리에 접근합니다.";
				INFOPLIST_KEY_UIApplicationSceneManifest_Generation = YES;
				INFOPLIST_KEY_UIApplicationSupportsIndirectInputEvents = YES;
				INFOPLIST_KEY_UILaunchScreen_Generation = YES;
				INFOPLIST_KEY_UISupportedInterfaceOrientations_iPad = "UIInterfaceOrientationPortrait UIInterfaceOrientationPortraitUpsideDown UIInterfaceOrientationLandscapeLeft UIInterfaceOrientationLandscapeRight";
				INFOPLIST_KEY_UISupportedInterfaceOrientations_iPhone = "UIInterfaceOrientationPortrait UIInterfaceOrientationLandscapeLeft UIInterfaceOrientationLandscapeRight";
				LD_RUNPATH_SEARCH_PATHS = (
					"$(inherited)",
					"@executable_path/Frameworks",
				);
				MARKETING_VERSION = 1.0;
				PRODUCT_BUNDLE_IDENTIFIER = com.yun.seeFilm.PurpleFilm;
				PRODUCT_NAME = "$(TARGET_NAME)";
				SWIFT_EMIT_LOC_STRINGS = YES;
				SWIFT_VERSION = 5.0;
				TARGETED_DEVICE_FAMILY = "1,2";
			};
			name = Release;
		};
/* End XCBuildConfiguration section */

/* Begin XCConfigurationList section */
		AEBA393F2AAF017E00658F1A /* Build configuration list for PBXProject "C_PurpleFilm" */ = {
			isa = XCConfigurationList;
			buildConfigurations = (
				AEBA39502AAF017F00658F1A /* Debug */,
				AEBA39512AAF017F00658F1A /* Release */,
			);
			defaultConfigurationIsVisible = 0;
			defaultConfigurationName = Release;
		};
		AEBA39522AAF017F00658F1A /* Build configuration list for PBXNativeTarget "C_PurpleFilm" */ = {
			isa = XCConfigurationList;
			buildConfigurations = (
				AEBA39532AAF017F00658F1A /* Debug */,
				AEBA39542AAF017F00658F1A /* Release */,
			);
			defaultConfigurationIsVisible = 0;
			defaultConfigurationName = Release;
		};
/* End XCConfigurationList section */

/* Begin XCRemoteSwiftPackageReference section */
		AEBA39552AAF02D200658F1A /* XCRemoteSwiftPackageReference "swift-composable-architecture" */ = {
			isa = XCRemoteSwiftPackageReference;
			repositoryURL = "https://github.com/pointfreeco/swift-composable-architecture";
			requirement = {
				kind = upToNextMajorVersion;
				minimumVersion = 1.0.0;
			};
		};
		AEDF00B12ABB44DD009C65C3 /* XCRemoteSwiftPackageReference "CenterOriginSlider" */ = {
			isa = XCRemoteSwiftPackageReference;
			repositoryURL = "https://github.com/thompson-dean/CenterOriginSlider.git";
			requirement = {
				branch = main;
				kind = branch;
			};
		};
/* End XCRemoteSwiftPackageReference section */

/* Begin XCSwiftPackageProductDependency section */
		AEBA39562AAF02D200658F1A /* ComposableArchitecture */ = {
			isa = XCSwiftPackageProductDependency;
			package = AEBA39552AAF02D200658F1A /* XCRemoteSwiftPackageReference "swift-composable-architecture" */;
			productName = ComposableArchitecture;
		};
		AEDF00B22ABB44DD009C65C3 /* CenterOriginSlider */ = {
			isa = XCSwiftPackageProductDependency;
			package = AEDF00B12ABB44DD009C65C3 /* XCRemoteSwiftPackageReference "CenterOriginSlider" */;
			productName = CenterOriginSlider;
		};
/* End XCSwiftPackageProductDependency section */
	};
	rootObject = AEBA393C2AAF017E00658F1A /* Project object */;
}
